{
  "name": "Barcode",
  "lockfileVersion": 3,
  "requires": true,
  "packages": {
    "": {
      "dependencies": {
        "bwip-js": "^4.5.0"
      }
    },
    "node_modules/bwip-js": {
      "version": "4.5.0",
      "resolved": "https://registry.npmjs.org/bwip-js/-/bwip-js-4.5.0.tgz",
      "integrity": "sha512-B+CnmGWZ5rf0CnlMjOW2u/xyl+B7nylK1GAHI2NrF1DZfsdwBbMqBK50xlJPtMtOltvALPIbyznhWFGnCQbH+A==",
      "bin": {
        "bwip-js": "bin/bwip-js.js"
      }
    }
  }
}
